
Microsoft Visual Studio Solution File, Format Version 12.00
# Visual Studio Version 17
VisualStudioVersion = 17.9.34723.18
MinimumVisualStudioVersion = 10.0.40219.1
Project("{FAE04EC0-301F-11D3-BF4B-00C04F79EFBC}") = "Exceptions", "Exceptions.csproj", "{57A54BDB-7BE1-4418-AC0C-EA60B95E0F40}"
EndProject
Project("{2150E333-8FDC-42A3-9474-1A3956D46DE8}") = "Solution Items", "Solution Items", "{E22B8325-F6F0-42E8-8A89-77087799D130}"
	ProjectSection(SolutionItems) = preProject
		myFile.txt = myFile.txt
	EndProjectSection
EndProject
Project("{FAE04EC0-301F-11D3-BF4B-00C04F79EFBC}") = "CustomExceptions", "..\CustomExceptions\CustomExceptions.csproj", "{396E052D-3619-4A85-8B67-90F25F1CD010}"
EndProject
Global
	GlobalSection(SolutionConfigurationPlatforms) = preSolution
		Debug|Any CPU = Debug|Any CPU
		Release|Any CPU = Release|Any CPU
	EndGlobalSection
	GlobalSection(ProjectConfigurationPlatforms) = postSolution
		{57A54BDB-7BE1-4418-AC0C-EA60B95E0F40}.Debug|Any CPU.ActiveCfg = Debug|Any CPU
		{57A54BDB-7BE1-4418-AC0C-EA60B95E0F40}.Debug|Any CPU.Build.0 = Debug|Any CPU
		{57A54BDB-7BE1-4418-AC0C-EA60B95E0F40}.Release|Any CPU.ActiveCfg = Release|Any CPU
		{57A54BDB-7BE1-4418-AC0C-EA60B95E0F40}.Release|Any CPU.Build.0 = Release|Any CPU
		{396E052D-3619-4A85-8B67-90F25F1CD010}.Debug|Any CPU.ActiveCfg = Debug|Any CPU
		{396E052D-3619-4A85-8B67-90F25F1CD010}.Debug|Any CPU.Build.0 = Debug|Any CPU
		{396E052D-3619-4A85-8B67-90F25F1CD010}.Release|Any CPU.ActiveCfg = Release|Any CPU
		{396E052D-3619-4A85-8B67-90F25F1CD010}.Release|Any CPU.Build.0 = Release|Any CPU
	EndGlobalSection
	GlobalSection(SolutionProperties) = preSolution
		HideSolutionNode = FALSE
	EndGlobalSection
	GlobalSection(ExtensibilityGlobals) = postSolution
		SolutionGuid = {16C72DF8-3AA6-4BF7-9C87-F7C388D270CF}
	EndGlobalSection
EndGlobal
