
Microsoft Visual Studio Solution File, Format Version 12.00
# Visual Studio Version 17
VisualStudioVersion = 17.9.34723.18
MinimumVisualStudioVersion = 10.0.40219.1
Project("{FAE04EC0-301F-11D3-BF4B-00C04F79EFBC}") = "Array", "Array.csproj", "{FFFE1C44-3DC6-4FC0-82F0-F85219F400E7}"
EndProject
Global
	GlobalSection(SolutionConfigurationPlatforms) = preSolution
		Debug|Any CPU = Debug|Any CPU
		Release|Any CPU = Release|Any CPU
	EndGlobalSection
	GlobalSection(ProjectConfigurationPlatforms) = postSolution
		{FFFE1C44-3DC6-4FC0-82F0-F85219F400E7}.Debug|Any CPU.ActiveCfg = Debug|Any CPU
		{FFFE1C44-3DC6-4FC0-82F0-F85219F400E7}.Debug|Any CPU.Build.0 = Debug|Any CPU
		{FFFE1C44-3DC6-4FC0-82F0-F85219F400E7}.Release|Any CPU.ActiveCfg = Release|Any CPU
		{FFFE1C44-3DC6-4FC0-82F0-F85219F400E7}.Release|Any CPU.Build.0 = Release|Any CPU
	EndGlobalSection
	GlobalSection(SolutionProperties) = preSolution
		HideSolutionNode = FALSE
	EndGlobalSection
	GlobalSection(ExtensibilityGlobals) = postSolution
		SolutionGuid = {089AC602-4678-44EE-9C00-97F4A47EAC73}
	EndGlobalSection
EndGlobal
