
Microsoft Visual Studio Solution File, Format Version 12.00
# Visual Studio Version 17
VisualStudioVersion = 17.9.34723.18
MinimumVisualStudioVersion = 10.0.40219.1
Project("{FAE04EC0-301F-11D3-BF4B-00C04F79EFBC}") = "AnonymusType", "Lambda_AnonymusType_ExtensionMethods\AnonymusType.csproj", "{5F30D28D-5A73-4275-A434-18D5342E424C}"
EndProject
Project("{FAE04EC0-301F-11D3-BF4B-00C04F79EFBC}") = "Lambda", "Lambda\Lambda.csproj", "{46DF0E30-AC13-4D4B-BB41-2B4BFA69C546}"
EndProject
Global
	GlobalSection(SolutionConfigurationPlatforms) = preSolution
		Debug|Any CPU = Debug|Any CPU
		Release|Any CPU = Release|Any CPU
	EndGlobalSection
	GlobalSection(ProjectConfigurationPlatforms) = postSolution
		{5F30D28D-5A73-4275-A434-18D5342E424C}.Debug|Any CPU.ActiveCfg = Debug|Any CPU
		{5F30D28D-5A73-4275-A434-18D5342E424C}.Debug|Any CPU.Build.0 = Debug|Any CPU
		{5F30D28D-5A73-4275-A434-18D5342E424C}.Release|Any CPU.ActiveCfg = Release|Any CPU
		{5F30D28D-5A73-4275-A434-18D5342E424C}.Release|Any CPU.Build.0 = Release|Any CPU
		{46DF0E30-AC13-4D4B-BB41-2B4BFA69C546}.Debug|Any CPU.ActiveCfg = Debug|Any CPU
		{46DF0E30-AC13-4D4B-BB41-2B4BFA69C546}.Debug|Any CPU.Build.0 = Debug|Any CPU
		{46DF0E30-AC13-4D4B-BB41-2B4BFA69C546}.Release|Any CPU.ActiveCfg = Release|Any CPU
		{46DF0E30-AC13-4D4B-BB41-2B4BFA69C546}.Release|Any CPU.Build.0 = Release|Any CPU
	EndGlobalSection
	GlobalSection(SolutionProperties) = preSolution
		HideSolutionNode = FALSE
	EndGlobalSection
	GlobalSection(ExtensibilityGlobals) = postSolution
		SolutionGuid = {F7C37385-56EC-4BB2-9CAB-8E6934EA6F50}
	EndGlobalSection
EndGlobal
