
Microsoft Visual Studio Solution File, Format Version 12.00
# Visual Studio Version 17
VisualStudioVersion = 17.9.34723.18
MinimumVisualStudioVersion = 10.0.40219.1
Project("{FAE04EC0-301F-11D3-BF4B-00C04F79EFBC}") = "Methods", "Methods.csproj", "{9B68E505-B619-4363-B1D7-0C3A9AEDB817}"
EndProject
Project("{FAE04EC0-301F-11D3-BF4B-00C04F79EFBC}") = "Handout (Exercitii)", "..\Handout (Exercitii)\Handout (Exercitii).csproj", "{D7335EF0-4CEC-4B2D-8BCF-2FAC50CFAEB0}"
EndProject
Project("{FAE04EC0-301F-11D3-BF4B-00C04F79EFBC}") = "Exercitii2", "..\Exercitii2\Exercitii2.csproj", "{8FF43882-FBA0-4CBB-BBB0-C7978DB799E2}"
EndProject
Global
	GlobalSection(SolutionConfigurationPlatforms) = preSolution
		Debug|Any CPU = Debug|Any CPU
		Release|Any CPU = Release|Any CPU
	EndGlobalSection
	GlobalSection(ProjectConfigurationPlatforms) = postSolution
		{9B68E505-B619-4363-B1D7-0C3A9AEDB817}.Debug|Any CPU.ActiveCfg = Debug|Any CPU
		{9B68E505-B619-4363-B1D7-0C3A9AEDB817}.Debug|Any CPU.Build.0 = Debug|Any CPU
		{9B68E505-B619-4363-B1D7-0C3A9AEDB817}.Release|Any CPU.ActiveCfg = Release|Any CPU
		{9B68E505-B619-4363-B1D7-0C3A9AEDB817}.Release|Any CPU.Build.0 = Release|Any CPU
		{D7335EF0-4CEC-4B2D-8BCF-2FAC50CFAEB0}.Debug|Any CPU.ActiveCfg = Debug|Any CPU
		{D7335EF0-4CEC-4B2D-8BCF-2FAC50CFAEB0}.Debug|Any CPU.Build.0 = Debug|Any CPU
		{D7335EF0-4CEC-4B2D-8BCF-2FAC50CFAEB0}.Release|Any CPU.ActiveCfg = Release|Any CPU
		{D7335EF0-4CEC-4B2D-8BCF-2FAC50CFAEB0}.Release|Any CPU.Build.0 = Release|Any CPU
		{8FF43882-FBA0-4CBB-BBB0-C7978DB799E2}.Debug|Any CPU.ActiveCfg = Debug|Any CPU
		{8FF43882-FBA0-4CBB-BBB0-C7978DB799E2}.Debug|Any CPU.Build.0 = Debug|Any CPU
		{8FF43882-FBA0-4CBB-BBB0-C7978DB799E2}.Release|Any CPU.ActiveCfg = Release|Any CPU
		{8FF43882-FBA0-4CBB-BBB0-C7978DB799E2}.Release|Any CPU.Build.0 = Release|Any CPU
	EndGlobalSection
	GlobalSection(SolutionProperties) = preSolution
		HideSolutionNode = FALSE
	EndGlobalSection
	GlobalSection(ExtensibilityGlobals) = postSolution
		SolutionGuid = {17CE0059-8C4F-4F37-9F93-D1819109F62A}
	EndGlobalSection
EndGlobal
